
Microsoft Visual Studio Solution File, Format Version 12.00
# Visual Studio 14
VisualStudioVersion = 14.0.25420.1
MinimumVisualStudioVersion = 10.0.40219.1
Project("{FAE04EC0-301F-11D3-BF4B-00C04F79EFBC}") = "GitHubRepo", "GitHubRepo\GitHubRepo.csproj", "{1E37E96D-E27F-4948-8497-B7C2764319F9}"
EndProject
Global
	GlobalSection(SolutionConfigurationPlatforms) = preSolution
		Debug|Any CPU = Debug|Any CPU
		Release|Any CPU = Release|Any CPU
	EndGlobalSection
	GlobalSection(ProjectConfigurationPlatforms) = postSolution
		{1E37E96D-E27F-4948-8497-B7C2764319F9}.Debug|Any CPU.ActiveCfg = Debug|Any CPU
		{1E37E96D-E27F-4948-8497-B7C2764319F9}.Debug|Any CPU.Build.0 = Debug|Any CPU
		{1E37E96D-E27F-4948-8497-B7C2764319F9}.Release|Any CPU.ActiveCfg = Release|Any CPU
		{1E37E96D-E27F-4948-8497-B7C2764319F9}.Release|Any CPU.Build.0 = Release|Any CPU
	EndGlobalSection
	GlobalSection(SolutionProperties) = preSolution
		HideSolutionNode = FALSE
	EndGlobalSection
EndGlobal
